
Microsoft Visual Studio Solution File, Format Version 12.00
# Visual Studio Version 16
VisualStudioVersion = 16.0.30907.101
MinimumVisualStudioVersion = 10.0.40219.1
Project("{FAE04EC0-301F-11D3-BF4B-00C04F79EFBC}") = "Ejercicio_Numero17", "Ejercicio_Numero17\Ejercicio_Numero17.csproj", "{82B5D194-7F63-426E-87EB-5B18B4281992}"
EndProject
Project("{FAE04EC0-301F-11D3-BF4B-00C04F79EFBC}") = "Biblioteca", "Biblioteca\Biblioteca.csproj", "{8205D517-3499-48CF-AEB8-2BCE1CAD8335}"
EndProject
Global
	GlobalSection(SolutionConfigurationPlatforms) = preSolution
		Debug|Any CPU = Debug|Any CPU
		Release|Any CPU = Release|Any CPU
	EndGlobalSection
	GlobalSection(ProjectConfigurationPlatforms) = postSolution
		{82B5D194-7F63-426E-87EB-5B18B4281992}.Debug|Any CPU.ActiveCfg = Debug|Any CPU
		{82B5D194-7F63-426E-87EB-5B18B4281992}.Debug|Any CPU.Build.0 = Debug|Any CPU
		{82B5D194-7F63-426E-87EB-5B18B4281992}.Release|Any CPU.ActiveCfg = Release|Any CPU
		{82B5D194-7F63-426E-87EB-5B18B4281992}.Release|Any CPU.Build.0 = Release|Any CPU
		{8205D517-3499-48CF-AEB8-2BCE1CAD8335}.Debug|Any CPU.ActiveCfg = Debug|Any CPU
		{8205D517-3499-48CF-AEB8-2BCE1CAD8335}.Debug|Any CPU.Build.0 = Debug|Any CPU
		{8205D517-3499-48CF-AEB8-2BCE1CAD8335}.Release|Any CPU.ActiveCfg = Release|Any CPU
		{8205D517-3499-48CF-AEB8-2BCE1CAD8335}.Release|Any CPU.Build.0 = Release|Any CPU
	EndGlobalSection
	GlobalSection(SolutionProperties) = preSolution
		HideSolutionNode = FALSE
	EndGlobalSection
	GlobalSection(ExtensibilityGlobals) = postSolution
		SolutionGuid = {1FBC48A1-4771-41D4-B060-8986328B0335}
	EndGlobalSection
EndGlobal
