
Microsoft Visual Studio Solution File, Format Version 12.00
# Visual Studio Version 16
VisualStudioVersion = 16.0.31729.503
MinimumVisualStudioVersion = 10.0.40219.1
Project("{FAE04EC0-301F-11D3-BF4B-00C04F79EFBC}") = "Ejemplo - SQL", "Ejemplo - SQL\Ejemplo - SQL.csproj", "{04FAD5D1-314C-4EBA-8C4B-0B556215C2AD}"
EndProject
Project("{FAE04EC0-301F-11D3-BF4B-00C04F79EFBC}") = "Entidades", "Entidades\Entidades.csproj", "{9AC5AF59-BBB7-4578-9841-BCF37BDF8C63}"
EndProject
Global
	GlobalSection(SolutionConfigurationPlatforms) = preSolution
		Debug|Any CPU = Debug|Any CPU
		Release|Any CPU = Release|Any CPU
	EndGlobalSection
	GlobalSection(ProjectConfigurationPlatforms) = postSolution
		{04FAD5D1-314C-4EBA-8C4B-0B556215C2AD}.Debug|Any CPU.ActiveCfg = Debug|Any CPU
		{04FAD5D1-314C-4EBA-8C4B-0B556215C2AD}.Debug|Any CPU.Build.0 = Debug|Any CPU
		{04FAD5D1-314C-4EBA-8C4B-0B556215C2AD}.Release|Any CPU.ActiveCfg = Release|Any CPU
		{04FAD5D1-314C-4EBA-8C4B-0B556215C2AD}.Release|Any CPU.Build.0 = Release|Any CPU
		{9AC5AF59-BBB7-4578-9841-BCF37BDF8C63}.Debug|Any CPU.ActiveCfg = Debug|Any CPU
		{9AC5AF59-BBB7-4578-9841-BCF37BDF8C63}.Debug|Any CPU.Build.0 = Debug|Any CPU
		{9AC5AF59-BBB7-4578-9841-BCF37BDF8C63}.Release|Any CPU.ActiveCfg = Release|Any CPU
		{9AC5AF59-BBB7-4578-9841-BCF37BDF8C63}.Release|Any CPU.Build.0 = Release|Any CPU
	EndGlobalSection
	GlobalSection(SolutionProperties) = preSolution
		HideSolutionNode = FALSE
	EndGlobalSection
	GlobalSection(ExtensibilityGlobals) = postSolution
		SolutionGuid = {9806566B-909A-4750-8A5C-4B732D73C051}
	EndGlobalSection
EndGlobal
