
Microsoft Visual Studio Solution File, Format Version 12.00
# Visual Studio Version 16
VisualStudioVersion = 16.0.31729.503
MinimumVisualStudioVersion = 10.0.40219.1
Project("{FAE04EC0-301F-11D3-BF4B-00C04F79EFBC}") = "Ejemplo  - Delegados", "Ejemplo  - Delegados\Ejemplo  - Delegados.csproj", "{454A4836-068C-44C4-82B5-ADDB2DA45B79}"
EndProject
Project("{FAE04EC0-301F-11D3-BF4B-00C04F79EFBC}") = "Entidades", "Entidades\Entidades.csproj", "{AE678AFF-454A-401A-92B1-357201F84556}"
EndProject
Project("{FAE04EC0-301F-11D3-BF4B-00C04F79EFBC}") = "MiFormulario", "MiFormulario\MiFormulario.csproj", "{B6816FA4-9E43-490F-9B77-AD54367B412C}"
EndProject
Global
	GlobalSection(SolutionConfigurationPlatforms) = preSolution
		Debug|Any CPU = Debug|Any CPU
		Release|Any CPU = Release|Any CPU
	EndGlobalSection
	GlobalSection(ProjectConfigurationPlatforms) = postSolution
		{454A4836-068C-44C4-82B5-ADDB2DA45B79}.Debug|Any CPU.ActiveCfg = Debug|Any CPU
		{454A4836-068C-44C4-82B5-ADDB2DA45B79}.Debug|Any CPU.Build.0 = Debug|Any CPU
		{454A4836-068C-44C4-82B5-ADDB2DA45B79}.Release|Any CPU.ActiveCfg = Release|Any CPU
		{454A4836-068C-44C4-82B5-ADDB2DA45B79}.Release|Any CPU.Build.0 = Release|Any CPU
		{AE678AFF-454A-401A-92B1-357201F84556}.Debug|Any CPU.ActiveCfg = Debug|Any CPU
		{AE678AFF-454A-401A-92B1-357201F84556}.Debug|Any CPU.Build.0 = Debug|Any CPU
		{AE678AFF-454A-401A-92B1-357201F84556}.Release|Any CPU.ActiveCfg = Release|Any CPU
		{AE678AFF-454A-401A-92B1-357201F84556}.Release|Any CPU.Build.0 = Release|Any CPU
		{B6816FA4-9E43-490F-9B77-AD54367B412C}.Debug|Any CPU.ActiveCfg = Debug|Any CPU
		{B6816FA4-9E43-490F-9B77-AD54367B412C}.Debug|Any CPU.Build.0 = Debug|Any CPU
		{B6816FA4-9E43-490F-9B77-AD54367B412C}.Release|Any CPU.ActiveCfg = Release|Any CPU
		{B6816FA4-9E43-490F-9B77-AD54367B412C}.Release|Any CPU.Build.0 = Release|Any CPU
	EndGlobalSection
	GlobalSection(SolutionProperties) = preSolution
		HideSolutionNode = FALSE
	EndGlobalSection
	GlobalSection(ExtensibilityGlobals) = postSolution
		SolutionGuid = {40B45558-A82F-416D-A22E-4B86BBDEB5E7}
	EndGlobalSection
EndGlobal
