
Microsoft Visual Studio Solution File, Format Version 12.00
# Visual Studio Version 16
VisualStudioVersion = 16.0.30907.101
MinimumVisualStudioVersion = 10.0.40219.1
Project("{FAE04EC0-301F-11D3-BF4B-00C04F79EFBC}") = "Ejercicio_Numero30", "Ejercicio_Numero30\Ejercicio_Numero30.csproj", "{D8E01B4A-3AEC-44FA-8B77-5AC4FC4456B5}"
EndProject
Project("{FAE04EC0-301F-11D3-BF4B-00C04F79EFBC}") = "Biblioteca", "Biblioteca\Biblioteca.csproj", "{5C89C92B-5EF3-4E8C-A61B-AF8A3FE80DC7}"
EndProject
Global
	GlobalSection(SolutionConfigurationPlatforms) = preSolution
		Debug|Any CPU = Debug|Any CPU
		Release|Any CPU = Release|Any CPU
	EndGlobalSection
	GlobalSection(ProjectConfigurationPlatforms) = postSolution
		{D8E01B4A-3AEC-44FA-8B77-5AC4FC4456B5}.Debug|Any CPU.ActiveCfg = Debug|Any CPU
		{D8E01B4A-3AEC-44FA-8B77-5AC4FC4456B5}.Debug|Any CPU.Build.0 = Debug|Any CPU
		{D8E01B4A-3AEC-44FA-8B77-5AC4FC4456B5}.Release|Any CPU.ActiveCfg = Release|Any CPU
		{D8E01B4A-3AEC-44FA-8B77-5AC4FC4456B5}.Release|Any CPU.Build.0 = Release|Any CPU
		{5C89C92B-5EF3-4E8C-A61B-AF8A3FE80DC7}.Debug|Any CPU.ActiveCfg = Debug|Any CPU
		{5C89C92B-5EF3-4E8C-A61B-AF8A3FE80DC7}.Debug|Any CPU.Build.0 = Debug|Any CPU
		{5C89C92B-5EF3-4E8C-A61B-AF8A3FE80DC7}.Release|Any CPU.ActiveCfg = Release|Any CPU
		{5C89C92B-5EF3-4E8C-A61B-AF8A3FE80DC7}.Release|Any CPU.Build.0 = Release|Any CPU
	EndGlobalSection
	GlobalSection(SolutionProperties) = preSolution
		HideSolutionNode = FALSE
	EndGlobalSection
	GlobalSection(ExtensibilityGlobals) = postSolution
		SolutionGuid = {46FF9680-9B61-4BA6-8098-E16C80A7B46D}
	EndGlobalSection
EndGlobal
