
Microsoft Visual Studio Solution File, Format Version 12.00
# Visual Studio Version 16
VisualStudioVersion = 16.0.31205.134
MinimumVisualStudioVersion = 10.0.40219.1
Project("{FAE04EC0-301F-11D3-BF4B-00C04F79EFBC}") = "ParcialAlumno-20210516", "ParcialAlumno-20210516\ParcialAlumno-20210516.csproj", "{30CE8DCD-2364-4ECE-966E-0F853BD4AEB4}"
EndProject
Project("{FAE04EC0-301F-11D3-BF4B-00C04F79EFBC}") = "Entidades", "Entidades\Entidades.csproj", "{4296871C-108F-448D-A31C-58221F4182A8}"
EndProject
Project("{FAE04EC0-301F-11D3-BF4B-00C04F79EFBC}") = "Test", "Test\Test.csproj", "{E9CB0E0F-5765-4D92-9CC8-82996887FAF7}"
EndProject
Global
	GlobalSection(SolutionConfigurationPlatforms) = preSolution
		Debug|Any CPU = Debug|Any CPU
		Release|Any CPU = Release|Any CPU
	EndGlobalSection
	GlobalSection(ProjectConfigurationPlatforms) = postSolution
		{30CE8DCD-2364-4ECE-966E-0F853BD4AEB4}.Debug|Any CPU.ActiveCfg = Debug|Any CPU
		{30CE8DCD-2364-4ECE-966E-0F853BD4AEB4}.Debug|Any CPU.Build.0 = Debug|Any CPU
		{30CE8DCD-2364-4ECE-966E-0F853BD4AEB4}.Release|Any CPU.ActiveCfg = Release|Any CPU
		{30CE8DCD-2364-4ECE-966E-0F853BD4AEB4}.Release|Any CPU.Build.0 = Release|Any CPU
		{4296871C-108F-448D-A31C-58221F4182A8}.Debug|Any CPU.ActiveCfg = Debug|Any CPU
		{4296871C-108F-448D-A31C-58221F4182A8}.Debug|Any CPU.Build.0 = Debug|Any CPU
		{4296871C-108F-448D-A31C-58221F4182A8}.Release|Any CPU.ActiveCfg = Release|Any CPU
		{4296871C-108F-448D-A31C-58221F4182A8}.Release|Any CPU.Build.0 = Release|Any CPU
		{E9CB0E0F-5765-4D92-9CC8-82996887FAF7}.Debug|Any CPU.ActiveCfg = Debug|Any CPU
		{E9CB0E0F-5765-4D92-9CC8-82996887FAF7}.Debug|Any CPU.Build.0 = Debug|Any CPU
		{E9CB0E0F-5765-4D92-9CC8-82996887FAF7}.Release|Any CPU.ActiveCfg = Release|Any CPU
		{E9CB0E0F-5765-4D92-9CC8-82996887FAF7}.Release|Any CPU.Build.0 = Release|Any CPU
	EndGlobalSection
	GlobalSection(SolutionProperties) = preSolution
		HideSolutionNode = FALSE
	EndGlobalSection
	GlobalSection(ExtensibilityGlobals) = postSolution
		SolutionGuid = {E76CA547-5E64-40E6-86A5-B1457D8B9BB7}
	EndGlobalSection
EndGlobal
